<?xml version="1.0" encoding="utf-8"?>
<Project ToolsVersion="4.0" xmlns="http://schemas.microsoft.com/developer/msbuild/2003">
  <ItemGroup>
    <Filter Include="ソース ファイル">
      <UniqueIdentifier>{4FC737F1-C7A5-4376-A066-2A32D752A2FF}</UniqueIdentifier>
      <Extensions>cpp;c;cc;cxx;c++;cppm;ixx;def;odl;idl;hpj;bat;asm;asmx</Extensions>
    </Filter>
    <Filter Include="ヘッダー ファイル">
      <UniqueIdentifier>{93995380-89BD-4b04-88EB-625FBE52EBFB}</UniqueIdentifier>
      <Extensions>h;hh;hpp;hxx;h++;hm;inl;inc;ipp;xsd</Extensions>
    </Filter>
    <Filter Include="リソース ファイル">
      <UniqueIdentifier>{67DA6AB6-F800-4c08-8B7A-83BB121AAD01}</UniqueIdentifier>
      <Extensions>rc;ico;cur;bmp;dlg;rc2;rct;bin;rgs;gif;jpg;jpeg;jpe;resx;tiff;tif;png;wav;mfcribbon-ms</Extensions>
    </Filter>
    <Filter Include="Shaders">
      <UniqueIdentifier>{0ec18dd3-1195-4649-af70-b6ea31a45a60}</UniqueIdentifier>
    </Filter>
    <Filter Include="Shaders\triangle">
      <UniqueIdentifier>{11142cdc-fc98-4e2c-bd0d-5e56527ed80a}</UniqueIdentifier>
    </Filter>
    <Filter Include="Shaders\cube">
      <UniqueIdentifier>{3457cd5f-3977-4a9c-bd3c-723d70c02cbe}</UniqueIdentifier>
    </Filter>
    <Filter Include="Shaders\texture">
      <UniqueIdentifier>{b14adea1-af20-4752-9674-285551f03ee8}</UniqueIdentifier>
    </Filter>
    <Filter Include="ヘッダー ファイル\core">
      <UniqueIdentifier>{4cac0e30-8b41-47ef-84a9-410b8348367a}</UniqueIdentifier>
    </Filter>
    <Filter Include="ヘッダー ファイル\Render">
      <UniqueIdentifier>{3e1dae9b-cde2-437a-9c87-253645a37871}</UniqueIdentifier>
    </Filter>
    <Filter Include="ソース ファイル\core">
      <UniqueIdentifier>{5fbda7a7-4f12-45a2-9ab8-8e188d85a512}</UniqueIdentifier>
    </Filter>
    <Filter Include="ソース ファイル\Render">
      <UniqueIdentifier>{a317a01f-06e4-4950-a291-047a5980a802}</UniqueIdentifier>
    </Filter>
    <Filter Include="Shaders\basic_pbr">
      <UniqueIdentifier>{1dc30765-a140-498c-a126-22f679fe5508}</UniqueIdentifier>
    </Filter>
    <Filter Include="Shaders\tessellation">
      <UniqueIdentifier>{f4112f3f-9172-46fe-82f4-ba461b037d8c}</UniqueIdentifier>
    </Filter>
    <Filter Include="Shaders\computeshader">
      <UniqueIdentifier>{c74ee8b7-5082-438b-92de-b6c9a4ac4a4e}</UniqueIdentifier>
    </Filter>
    <Filter Include="Shaders\raytrace-pipeline">
      <UniqueIdentifier>{97eb1a42-6503-49d4-93a4-b6618e196025}</UniqueIdentifier>
    </Filter>
  </ItemGroup>
  <ItemGroup>
    <ClCompile Include="source\core\asset_path.cpp">
      <Filter>ソース ファイル\core</Filter>
    </ClCompile>
    <ClCompile Include="source\core\buffer_resource.cpp">
      <Filter>ソース ファイル\core</Filter>
    </ClCompile>
    <ClCompile Include="source\core\command_buffer.cpp">
      <Filter>ソース ファイル\core</Filter>
    </ClCompile>
    <ClCompile Include="source\core\glfw_surface_provider.cpp">
      <Filter>ソース ファイル\core</Filter>
    </ClCompile>
    <ClCompile Include="source\core\graphics_pipeline_builder.cpp">
      <Filter>ソース ファイル\core</Filter>
    </ClCompile>
    <ClCompile Include="source\core\image_barrier.cpp">
      <Filter>ソース ファイル\core</Filter>
    </ClCompile>
    <ClCompile Include="source\core\image_resource.cpp">
      <Filter>ソース ファイル\core</Filter>
    </ClCompile>
    <ClCompile Include="source\main.cpp">
      <Filter>ソース ファイル\core</Filter>
    </ClCompile>
    <ClCompile Include="source\core\resource_uploader.cpp">
      <Filter>ソース ファイル\core</Filter>
    </ClCompile>
    <ClCompile Include="source\core\sampler.cpp">
      <Filter>ソース ファイル\core</Filter>
    </ClCompile>
    <ClCompile Include="source\core\shader_loader.cpp">
      <Filter>ソース ファイル\core</Filter>
    </ClCompile>
    <ClCompile Include="source\core\swapchain.cpp">
      <Filter>ソース ファイル\core</Filter>
    </ClCompile>
    <ClCompile Include="source\core\texture_loader.cpp">
      <Filter>ソース ファイル\core</Filter>
    </ClCompile>
    <ClCompile Include="source\core\vulkan_context.cpp">
      <Filter>ソース ファイル\core</Filter>
    </ClCompile>
    <ClCompile Include="source\triangle_app.cpp">
      <Filter>ソース ファイル</Filter>
    </ClCompile>
    <ClCompile Include="source\simplecube_app.cpp">
      <Filter>ソース ファイル</Filter>
    </ClCompile>
    <ClCompile Include="source\texture_app.cpp">
      <Filter>ソース ファイル</Filter>
    </ClCompile>
    <ClCompile Include="source\Render\model_loader.cpp">
      <Filter>ソース ファイル\Render</Filter>
    </ClCompile>
    <ClCompile Include="source\Render\basic_pbr_render.cpp">
      <Filter>ソース ファイル\Render</Filter>
    </ClCompile>
    <ClCompile Include="source\Render\model_resource.cpp">
      <Filter>ソース ファイル</Filter>
    </ClCompile>
    <ClCompile Include="source\Render\draw_object.cpp">
      <Filter>ソース ファイル</Filter>
    </ClCompile>
    <ClCompile Include="source\drawmodel_app.cpp">
      <Filter>ソース ファイル</Filter>
    </ClCompile>
    <ClCompile Include="source\tessellation_app.cpp">
      <Filter>ソース ファイル</Filter>
    </ClCompile>
    <ClCompile Include="source\compute_app.cpp">
      <Filter>ソース ファイル</Filter>
    </ClCompile>
    <ClCompile Include="source\core\single_header_impl.cpp">
      <Filter>ソース ファイル\core</Filter>
    </ClCompile>
    <ClCompile Include="source\core\acceleration_structure.cpp">
      <Filter>ソース ファイル</Filter>
    </ClCompile>
    <ClCompile Include="source\raytrace_pipeline_app.cpp">
      <Filter>ソース ファイル</Filter>
    </ClCompile>
    <ClCompile Include="source\core\shader_binding_table_builder.cpp">
      <Filter>ソース ファイル</Filter>
    </ClCompile>
  </ItemGroup>
  <ItemGroup>
    <ClInclude Include="source\core\asset_path.h">
      <Filter>ヘッダー ファイル\core</Filter>
    </ClInclude>
    <ClInclude Include="source\core\buffer_resource.h">
      <Filter>ヘッダー ファイル\core</Filter>
    </ClInclude>
    <ClInclude Include="source\core\command_buffer.h">
      <Filter>ヘッダー ファイル\core</Filter>
    </ClInclude>
    <ClInclude Include="source\core\glfw_surface_provider.h">
      <Filter>ヘッダー ファイル\core</Filter>
    </ClInclude>
    <ClInclude Include="source\core\gpu_resource_base.h">
      <Filter>ヘッダー ファイル\core</Filter>
    </ClInclude>
    <ClInclude Include="source\core\graphics_pipeline_builder.h">
      <Filter>ヘッダー ファイル\core</Filter>
    </ClInclude>
    <ClInclude Include="source\core\image_barrier.h">
      <Filter>ヘッダー ファイル\core</Filter>
    </ClInclude>
    <ClInclude Include="source\core\image_resource.h">
      <Filter>ヘッダー ファイル\core</Filter>
    </ClInclude>
    <ClInclude Include="source\core\resource_uploader.h">
      <Filter>ヘッダー ファイル\core</Filter>
    </ClInclude>
    <ClInclude Include="source\core\sample_app.h">
      <Filter>ヘッダー ファイル\core</Filter>
    </ClInclude>
    <ClInclude Include="source\core\sampler.h">
      <Filter>ヘッダー ファイル\core</Filter>
    </ClInclude>
    <ClInclude Include="source\core\shader_loader.h">
      <Filter>ヘッダー ファイル\core</Filter>
    </ClInclude>
    <ClInclude Include="source\core\surface_provider.h">
      <Filter>ヘッダー ファイル\core</Filter>
    </ClInclude>
    <ClInclude Include="source\core\swapchain.h">
      <Filter>ヘッダー ファイル\core</Filter>
    </ClInclude>
    <ClInclude Include="source\core\texture_loader.h">
      <Filter>ヘッダー ファイル\core</Filter>
    </ClInclude>
    <ClInclude Include="source\core\vulkan_context.h">
      <Filter>ヘッダー ファイル\core</Filter>
    </ClInclude>
    <ClInclude Include="source\simplecube_app.h">
      <Filter>ヘッダー ファイル</Filter>
    </ClInclude>
    <ClInclude Include="source\triangle_app.h">
      <Filter>ヘッダー ファイル</Filter>
    </ClInclude>
    <ClInclude Include="source\texture_app.h">
      <Filter>ヘッダー ファイル</Filter>
    </ClInclude>
    <ClInclude Include="source\Render\model_data.h">
      <Filter>ヘッダー ファイル\Render</Filter>
    </ClInclude>
    <ClInclude Include="source\Render\model_loader.h">
      <Filter>ヘッダー ファイル\Render</Filter>
    </ClInclude>
    <ClInclude Include="source\Render\basic_pbr_render.h">
      <Filter>ヘッダー ファイル\Render</Filter>
    </ClInclude>
    <ClInclude Include="source\Render\model_resource.h">
      <Filter>ヘッダー ファイル\Render</Filter>
    </ClInclude>
    <ClInclude Include="source\Render\draw_object.h">
      <Filter>ヘッダー ファイル\Render</Filter>
    </ClInclude>
    <ClInclude Include="source\drawmodel_app.h">
      <Filter>ヘッダー ファイル</Filter>
    </ClInclude>
    <ClInclude Include="source\tessellation_app.h">
      <Filter>ヘッダー ファイル</Filter>
    </ClInclude>
    <ClInclude Include="source\compute_app.h">
      <Filter>ヘッダー ファイル</Filter>
    </ClInclude>
    <ClInclude Include="source\core\acceleration_structure.h">
      <Filter>ヘッダー ファイル\core</Filter>
    </ClInclude>
    <ClInclude Include="source\raytrace_pipeline_app.h">
      <Filter>ヘッダー ファイル</Filter>
    </ClInclude>
    <ClInclude Include="source\core\shader_binding_table_builder.h">
      <Filter>ヘッダー ファイル\core</Filter>
    </ClInclude>
  </ItemGroup>
  <ItemGroup>
    <None Include="assets\shaders\triangle\triangle.frag">
      <Filter>Shaders\triangle</Filter>
    </None>
    <None Include="assets\shaders\triangle\triangle.vert">
      <Filter>Shaders\triangle</Filter>
    </None>
    <None Include="assets\shaders\cube\cube.frag">
      <Filter>Shaders\cube</Filter>
    </None>
    <None Include="assets\shaders\cube\cube.vert">
      <Filter>Shaders\cube</Filter>
    </None>
    <None Include="assets\shaders\texture\texture.frag">
      <Filter>Shaders\texture</Filter>
    </None>
    <None Include="assets\shaders\texture\texture.vert">
      <Filter>Shaders\texture</Filter>
    </None>
    <None Include="assets\shaders\basic_pbr\basic_pbr.vert">
      <Filter>Shaders\basic_pbr</Filter>
    </None>
    <None Include="assets\shaders\basic_pbr\basic_pbr.frag">
      <Filter>Shaders\basic_pbr</Filter>
    </None>
    <None Include="assets\shaders\tessellation\tessellate.frag">
      <Filter>Shaders\tessellation</Filter>
    </None>
    <None Include="assets\shaders\tessellation\tessellate.tesc">
      <Filter>Shaders\tessellation</Filter>
    </None>
    <None Include="assets\shaders\tessellation\tessellate.tese">
      <Filter>Shaders\tessellation</Filter>
    </None>
    <None Include="assets\shaders\tessellation\tessellate.vert">
      <Filter>Shaders\tessellation</Filter>
    </None>
    <None Include="assets\shaders\computeshader\imageFilter.comp">
      <Filter>Shaders\computeshader</Filter>
    </None>
    <None Include="assets\shaders\computeshader\shader.frag">
      <Filter>Shaders\computeshader</Filter>
    </None>
    <None Include="assets\shaders\computeshader\shader.vert">
      <Filter>Shaders\computeshader</Filter>
    </None>
    <None Include="assets\shaders\computeshader\vectorAdd.comp">
      <Filter>Shaders\computeshader</Filter>
    </None>
    <None Include="assets\shaders\raytrace-pipeline\shader.rchit">
      <Filter>Shaders\raytrace-pipeline</Filter>
    </None>
    <None Include="assets\shaders\raytrace-pipeline\shader.rgen">
      <Filter>Shaders\raytrace-pipeline</Filter>
    </None>
    <None Include="assets\shaders\raytrace-pipeline\shader.rmiss">
      <Filter>Shaders\raytrace-pipeline</Filter>
    </None>
    <None Include="assets\shaders\raytrace-pipeline\shader.shadow.rmiss">
      <Filter>Shaders\raytrace-pipeline</Filter>
    </None>
    <None Include="assets\shaders\raytrace-pipeline\copy_image.vert">
      <Filter>Shaders\raytrace-pipeline</Filter>
    </None>
    <None Include="assets\shaders\raytrace-pipeline\copy_image.frag">
      <Filter>Shaders\raytrace-pipeline</Filter>
    </None>
  </ItemGroup>
</Project>