
Microsoft Visual Studio Solution File, Format Version 12.00
# Visual Studio Version 18
VisualStudioVersion = 18.0.11222.15
MinimumVisualStudioVersion = 10.0.40219.1
Project("{8BC9CEB8-8B4A-11D0-8D11-00A0C91BC942}") = "VulkanTest2", "VulkanTest2.vcxproj", "{42D5A057-906A-4691-B6E4-D34CAF0316FE}"
EndProject
Project("{2150E333-8FDC-42A3-9474-1A3956D46DE8}") = "ソリューション項目", "ソリューション項目", "{9A6CC263-C2A2-4867-94E5-2E6408F22E42}"
	ProjectSection(SolutionItems) = preProject
		volk-1.4.304\volk.c = volk-1.4.304\volk.c
		volk-1.4.304\volk.h = volk-1.4.304\volk.h
	EndProjectSection
EndProject
Global
	GlobalSection(SolutionConfigurationPlatforms) = preSolution
		Debug|x64 = Debug|x64
		Debug|x86 = Debug|x86
		Release|x64 = Release|x64
		Release|x86 = Release|x86
	EndGlobalSection
	GlobalSection(ProjectConfigurationPlatforms) = postSolution
		{42D5A057-906A-4691-B6E4-D34CAF0316FE}.Debug|x64.ActiveCfg = Debug|x64
		{42D5A057-906A-4691-B6E4-D34CAF0316FE}.Debug|x64.Build.0 = Debug|x64
		{42D5A057-906A-4691-B6E4-D34CAF0316FE}.Debug|x86.ActiveCfg = Debug|Win32
		{42D5A057-906A-4691-B6E4-D34CAF0316FE}.Debug|x86.Build.0 = Debug|Win32
		{42D5A057-906A-4691-B6E4-D34CAF0316FE}.Release|x64.ActiveCfg = Release|x64
		{42D5A057-906A-4691-B6E4-D34CAF0316FE}.Release|x64.Build.0 = Release|x64
		{42D5A057-906A-4691-B6E4-D34CAF0316FE}.Release|x86.ActiveCfg = Release|Win32
		{42D5A057-906A-4691-B6E4-D34CAF0316FE}.Release|x86.Build.0 = Release|Win32
	EndGlobalSection
	GlobalSection(SolutionProperties) = preSolution
		HideSolutionNode = FALSE
	EndGlobalSection
	GlobalSection(ExtensibilityGlobals) = postSolution
		SolutionGuid = {8F601B80-E725-4900-A246-AA983660C3BE}
	EndGlobalSection
EndGlobal
